<?xml version="1.0" encoding="utf-8"?>
<Project ToolsVersion="4.0" xmlns="http://schemas.microsoft.com/developer/msbuild/2003">
  <ItemGroup>
    <Filter Include="Исходные файлы">
      <UniqueIdentifier>{4FC737F1-C7A5-4376-A066-2A32D752A2FF}</UniqueIdentifier>
      <Extensions>cpp;c;cc;cxx;def;odl;idl;hpj;bat;asm;asmx</Extensions>
    </Filter>
    <Filter Include="Файлы заголовков">
      <UniqueIdentifier>{93995380-89BD-4b04-88EB-625FBE52EBFB}</UniqueIdentifier>
      <Extensions>h;hh;hpp;hxx;hm;inl;inc;ipp;xsd</Extensions>
    </Filter>
    <Filter Include="Файлы ресурсов">
      <UniqueIdentifier>{67DA6AB6-F800-4c08-8B7A-83BB121AAD01}</UniqueIdentifier>
      <Extensions>rc;ico;cur;bmp;dlg;rc2;rct;bin;rgs;gif;jpg;jpeg;jpe;resx;tiff;tif;png;wav;mfcribbon-ms</Extensions>
    </Filter>
    <Filter Include="Файлы ресурсов\Shaders">
      <UniqueIdentifier>{00e3cc26-371b-4799-92c2-7807fdbff1e7}</UniqueIdentifier>
    </Filter>
    <Filter Include="Файлы ресурсов\Models">
      <UniqueIdentifier>{623a4c87-f4b4-4882-9382-fa44a7ac9e53}</UniqueIdentifier>
    </Filter>
    <Filter Include="Файлы ресурсов\Models\STL">
      <UniqueIdentifier>{f2036b84-6e19-4448-a4cd-7eaadec42e53}</UniqueIdentifier>
    </Filter>
    <Filter Include="Файлы ресурсов\Shaders\debug">
      <UniqueIdentifier>{1bcae6a8-73a1-4732-b65e-9da8ada671c4}</UniqueIdentifier>
    </Filter>
    <Filter Include="Файлы ресурсов\Shaders\shadows">
      <UniqueIdentifier>{da77f768-f8ff-4166-81a0-709401e31fe4}</UniqueIdentifier>
    </Filter>
    <Filter Include="Файлы ресурсов\Shaders\text">
      <UniqueIdentifier>{28e66460-2ecc-495e-be01-4408a022da9b}</UniqueIdentifier>
    </Filter>
    <Filter Include="Файлы ресурсов\Shaders\shadows\pointShadows">
      <UniqueIdentifier>{98fccd4b-9877-482d-ba44-4c0f69fd46c9}</UniqueIdentifier>
    </Filter>
    <Filter Include="Файлы ресурсов\levels">
      <UniqueIdentifier>{8fc34a2f-95ee-4eda-964a-47e9e59ba80d}</UniqueIdentifier>
    </Filter>
    <Filter Include="Файлы заголовков\levels">
      <UniqueIdentifier>{cf211965-7f63-44af-b6ee-2a815d28a958}</UniqueIdentifier>
    </Filter>
  </ItemGroup>
  <ItemGroup>
    <ClCompile Include="start1.c">
      <Filter>Файлы ресурсов</Filter>
    </ClCompile>
    <ClCompile Include="worldObject.c">
      <Filter>Файлы ресурсов</Filter>
    </ClCompile>
    <ClCompile Include="Player.c">
      <Filter>Файлы ресурсов</Filter>
    </ClCompile>
    <ClCompile Include="baseShader.c">
      <Filter>Файлы ресурсов</Filter>
    </ClCompile>
    <ClCompile Include="textType.c">
      <Filter>Файлы ресурсов</Filter>
    </ClCompile>
    <ClCompile Include="renderManager.c">
      <Filter>Файлы ресурсов</Filter>
    </ClCompile>
    <ClCompile Include="lightSource.c">
      <Filter>Файлы ресурсов</Filter>
    </ClCompile>
    <ClCompile Include="Scene.c">
      <Filter>Файлы ресурсов</Filter>
    </ClCompile>
    <ClCompile Include="physics.c">
      <Filter>Файлы ресурсов</Filter>
    </ClCompile>
    <ClCompile Include="gizmos.c">
      <Filter>Файлы ресурсов</Filter>
    </ClCompile>
    <ClCompile Include="vector3.c">
      <Filter>Файлы ресурсов</Filter>
    </ClCompile>
    <ClCompile Include="level0.c">
      <Filter>Файлы ресурсов\levels</Filter>
    </ClCompile>
  </ItemGroup>
  <ItemGroup>
    <Text Include="fragmentSh.fs">
      <Filter>Файлы ресурсов\Shaders</Filter>
    </Text>
    <Text Include="lightFragmentShader.fs">
      <Filter>Файлы ресурсов\Shaders</Filter>
    </Text>
    <Text Include="lightVertexShader.vs">
      <Filter>Файлы ресурсов\Shaders</Filter>
    </Text>
  </ItemGroup>
  <ItemGroup>
    <ClInclude Include="worldObject.h">
      <Filter>Файлы заголовков</Filter>
    </ClInclude>
    <ClInclude Include="baseShader.h">
      <Filter>Файлы заголовков</Filter>
    </ClInclude>
    <ClInclude Include="renderManager.h">
      <Filter>Файлы заголовков</Filter>
    </ClInclude>
    <ClInclude Include="Player.h">
      <Filter>Файлы заголовков</Filter>
    </ClInclude>
    <ClInclude Include="textType.h">
      <Filter>Файлы заголовков</Filter>
    </ClInclude>
    <ClInclude Include="lightSource.h">
      <Filter>Файлы заголовков</Filter>
    </ClInclude>
    <ClInclude Include="Scene.h">
      <Filter>Файлы заголовков</Filter>
    </ClInclude>
    <ClInclude Include="physics.h">
      <Filter>Файлы заголовков</Filter>
    </ClInclude>
    <ClInclude Include="gizmos.h">
      <Filter>Файлы заголовков</Filter>
    </ClInclude>
    <ClInclude Include="vector3.h">
      <Filter>Файлы заголовков</Filter>
    </ClInclude>
    <ClInclude Include="level0.h">
      <Filter>Файлы заголовков\levels</Filter>
    </ClInclude>
  </ItemGroup>
  <ItemGroup>
    <None Include="vertexSh1.vs">
      <Filter>Файлы ресурсов\Shaders</Filter>
    </None>
    <None Include="dev.stl">
      <Filter>Файлы ресурсов\Models\STL</Filter>
    </None>
    <None Include="debug_quad_depth.fs">
      <Filter>Файлы ресурсов\Shaders\debug</Filter>
    </None>
    <None Include="debug_quad.vs">
      <Filter>Файлы ресурсов\Shaders\debug</Filter>
    </None>
    <None Include="shadowMappingDepth.fs">
      <Filter>Файлы ресурсов\Shaders\shadows</Filter>
    </None>
    <None Include="shadowMappingDepth.vs">
      <Filter>Файлы ресурсов\Shaders\shadows</Filter>
    </None>
    <None Include="textFragmentSh.fs">
      <Filter>Файлы ресурсов\Shaders\text</Filter>
    </None>
    <None Include="textVertexSh.vs">
      <Filter>Файлы ресурсов\Shaders\text</Filter>
    </None>
    <None Include="point_shadows_depth.vs">
      <Filter>Файлы ресурсов\Shaders\shadows\pointShadows</Filter>
    </None>
    <None Include="point_shadows_depth.fs">
      <Filter>Файлы ресурсов\Shaders\shadows\pointShadows</Filter>
    </None>
    <None Include="point_shadows_depth.gs">
      <Filter>Файлы ресурсов\Shaders\shadows\pointShadows</Filter>
    </None>
    <None Include="sps.stl">
      <Filter>Файлы ресурсов\Models\STL</Filter>
    </None>
    <None Include="car.stl">
      <Filter>Файлы ресурсов\Models\STL</Filter>
    </None>
    <None Include="build.stl">
      <Filter>Файлы ресурсов\Models\STL</Filter>
    </None>
    <None Include="cage.stl">
      <Filter>Файлы ресурсов\Models\STL</Filter>
    </None>
    <None Include="Katie.stl">
      <Filter>Файлы ресурсов\Models\STL</Filter>
    </None>
    <None Include="ico1.stl">
      <Filter>Файлы ресурсов\Models\STL</Filter>
    </None>
  </ItemGroup>
  <ItemGroup>
    <Font Include="ARIAL.TTF">
      <Filter>Файлы ресурсов</Filter>
    </Font>
  </ItemGroup>
</Project>